
Microsoft Visual Studio Solution File, Format Version 12.00
# Visual Studio Version 16
VisualStudioVersion = 16.0.30114.105
MinimumVisualStudioVersion = 10.0.40219.1
Project("{FAE04EC0-301F-11D3-BF4B-00C04F79EFBC}") = "Metarwiz", "Metarwiz\Metarwiz.csproj", "{3438461A-CBA0-48CA-8482-A1F25F3477E9}"
EndProject
Project("{FAE04EC0-301F-11D3-BF4B-00C04F79EFBC}") = "Metarwiz.Console", "Metarwiz.Console\Metarwiz.Console.csproj", "{376CDB0B-C6CB-41DD-90B3-DE499D20C779}"
EndProject
Global
	GlobalSection(SolutionConfigurationPlatforms) = preSolution
		Debug|Any CPU = Debug|Any CPU
		Release|Any CPU = Release|Any CPU
	EndGlobalSection
	GlobalSection(SolutionProperties) = preSolution
		HideSolutionNode = FALSE
	EndGlobalSection
	GlobalSection(ProjectConfigurationPlatforms) = postSolution
		{3438461A-CBA0-48CA-8482-A1F25F3477E9}.Debug|Any CPU.ActiveCfg = Debug|Any CPU
		{3438461A-CBA0-48CA-8482-A1F25F3477E9}.Debug|Any CPU.Build.0 = Debug|Any CPU
		{3438461A-CBA0-48CA-8482-A1F25F3477E9}.Release|Any CPU.ActiveCfg = Release|Any CPU
		{3438461A-CBA0-48CA-8482-A1F25F3477E9}.Release|Any CPU.Build.0 = Release|Any CPU
		{376CDB0B-C6CB-41DD-90B3-DE499D20C779}.Debug|Any CPU.ActiveCfg = Debug|Any CPU
		{376CDB0B-C6CB-41DD-90B3-DE499D20C779}.Debug|Any CPU.Build.0 = Debug|Any CPU
		{376CDB0B-C6CB-41DD-90B3-DE499D20C779}.Release|Any CPU.ActiveCfg = Release|Any CPU
		{376CDB0B-C6CB-41DD-90B3-DE499D20C779}.Release|Any CPU.Build.0 = Release|Any CPU
	EndGlobalSection
EndGlobal
