
Microsoft Visual Studio Solution File, Format Version 12.00
# Visual Studio Version 16
VisualStudioVersion = 16.0.31205.134
MinimumVisualStudioVersion = 10.0.40219.1
Project("{9A19103F-16F7-4668-BE54-9A1E7A4F7556}") = "metarwiz", "metarwiz\metarwiz.csproj", "{BA4FED23-FC1B-410C-B5C8-67E6365FF4BD}"
EndProject
Project("{9A19103F-16F7-4668-BE54-9A1E7A4F7556}") = "metarwiz-tests", "metarwiz-tests\metarwiz-tests.csproj", "{1E18F91E-1575-4A9A-A1F7-B57B2931ABFD}"
EndProject
Project("{2150E333-8FDC-42A3-9474-1A3956D46DE8}") = "Files", "Files", "{7BFFCDA9-551A-4AA6-AA52-8965275C232E}"
	ProjectSection(SolutionItems) = preProject
		README.md = README.md
		RELEASE.md = RELEASE.md
	EndProjectSection
EndProject
Project("{FAE04EC0-301F-11D3-BF4B-00C04F79EFBC}") = "metarwiz-console", "metarwiz-console\metarwiz-console.csproj", "{64E3EBED-1E10-434D-B807-424BF564DEDA}"
EndProject
Global
	GlobalSection(SolutionConfigurationPlatforms) = preSolution
		Debug|Any CPU = Debug|Any CPU
		Release|Any CPU = Release|Any CPU
	EndGlobalSection
	GlobalSection(ProjectConfigurationPlatforms) = postSolution
		{BA4FED23-FC1B-410C-B5C8-67E6365FF4BD}.Debug|Any CPU.ActiveCfg = Debug|Any CPU
		{BA4FED23-FC1B-410C-B5C8-67E6365FF4BD}.Debug|Any CPU.Build.0 = Debug|Any CPU
		{BA4FED23-FC1B-410C-B5C8-67E6365FF4BD}.Release|Any CPU.ActiveCfg = Release|Any CPU
		{BA4FED23-FC1B-410C-B5C8-67E6365FF4BD}.Release|Any CPU.Build.0 = Release|Any CPU
		{1E18F91E-1575-4A9A-A1F7-B57B2931ABFD}.Debug|Any CPU.ActiveCfg = Debug|Any CPU
		{1E18F91E-1575-4A9A-A1F7-B57B2931ABFD}.Debug|Any CPU.Build.0 = Debug|Any CPU
		{1E18F91E-1575-4A9A-A1F7-B57B2931ABFD}.Release|Any CPU.ActiveCfg = Release|Any CPU
		{1E18F91E-1575-4A9A-A1F7-B57B2931ABFD}.Release|Any CPU.Build.0 = Release|Any CPU
		{64E3EBED-1E10-434D-B807-424BF564DEDA}.Debug|Any CPU.ActiveCfg = Debug|Any CPU
		{64E3EBED-1E10-434D-B807-424BF564DEDA}.Debug|Any CPU.Build.0 = Debug|Any CPU
		{64E3EBED-1E10-434D-B807-424BF564DEDA}.Release|Any CPU.ActiveCfg = Release|Any CPU
		{64E3EBED-1E10-434D-B807-424BF564DEDA}.Release|Any CPU.Build.0 = Release|Any CPU
	EndGlobalSection
	GlobalSection(SolutionProperties) = preSolution
		HideSolutionNode = FALSE
	EndGlobalSection
	GlobalSection(ExtensibilityGlobals) = postSolution
		SolutionGuid = {45FDE9D2-1D07-4FE1-BACF-98A7373733BF}
	EndGlobalSection
EndGlobal
